
Microsoft Visual Studio Solution File, Format Version 12.00
# Visual Studio Version 17
VisualStudioVersion = 17.0.32112.339
MinimumVisualStudioVersion = 10.0.40219.1
Project("{FAE04EC0-301F-11D3-BF4B-00C04F79EFBC}") = "BasicCoreApi", "BasicCoreApi\BasicCoreApi.csproj", "{CC83488E-A517-4786-8C6A-ADC70F3462AB}"
EndProject
Global
	GlobalSection(SolutionConfigurationPlatforms) = preSolution
		Debug|Any CPU = Debug|Any CPU
		Release|Any CPU = Release|Any CPU
	EndGlobalSection
	GlobalSection(ProjectConfigurationPlatforms) = postSolution
		{CC83488E-A517-4786-8C6A-ADC70F3462AB}.Debug|Any CPU.ActiveCfg = Debug|Any CPU
		{CC83488E-A517-4786-8C6A-ADC70F3462AB}.Debug|Any CPU.Build.0 = Debug|Any CPU
		{CC83488E-A517-4786-8C6A-ADC70F3462AB}.Release|Any CPU.ActiveCfg = Release|Any CPU
		{CC83488E-A517-4786-8C6A-ADC70F3462AB}.Release|Any CPU.Build.0 = Release|Any CPU
	EndGlobalSection
	GlobalSection(SolutionProperties) = preSolution
		HideSolutionNode = FALSE
	EndGlobalSection
	GlobalSection(ExtensibilityGlobals) = postSolution
		SolutionGuid = {F3D9CE55-4BD9-431D-96B6-AC7B60445505}
	EndGlobalSection
EndGlobal
